
Microsoft Visual Studio Solution File, Format Version 12.00
# Visual Studio Version 17
VisualStudioVersion = 17.7.34202.233
MinimumVisualStudioVersion = 10.0.40219.1
Project("{FAE04EC0-301F-11D3-BF4B-00C04F79EFBC}") = "AnimationDesigner", "AnimationDesigner\AnimationDesigner.csproj", "{88A26E44-20B1-4EA1-A467-F31E4ED12985}"
EndProject
Global
	GlobalSection(SolutionConfigurationPlatforms) = preSolution
		Debug|Any CPU = Debug|Any CPU
		Release|Any CPU = Release|Any CPU
	EndGlobalSection
	GlobalSection(ProjectConfigurationPlatforms) = postSolution
		{88A26E44-20B1-4EA1-A467-F31E4ED12985}.Debug|Any CPU.ActiveCfg = Debug|Any CPU
		{88A26E44-20B1-4EA1-A467-F31E4ED12985}.Debug|Any CPU.Build.0 = Debug|Any CPU
		{88A26E44-20B1-4EA1-A467-F31E4ED12985}.Release|Any CPU.ActiveCfg = Release|Any CPU
		{88A26E44-20B1-4EA1-A467-F31E4ED12985}.Release|Any CPU.Build.0 = Release|Any CPU
	EndGlobalSection
	GlobalSection(SolutionProperties) = preSolution
		HideSolutionNode = FALSE
	EndGlobalSection
	GlobalSection(ExtensibilityGlobals) = postSolution
		SolutionGuid = {C450BD07-46E2-476B-BF88-E3F71EA142F4}
	EndGlobalSection
EndGlobal
